
Microsoft Visual Studio Solution File, Format Version 12.00
# Visual Studio Version 16
VisualStudioVersion = 16.0.33328.57
MinimumVisualStudioVersion = 10.0.40219.1
Project("{8BC9CEB8-8B4A-11D0-8D11-00A0C91BC942}") = "chap2", "chap2\chap2.vcxproj", "{C33A3226-151F-4E53-BCB2-0B1C655B86DD}"
EndProject
Global
	GlobalSection(SolutionConfigurationPlatforms) = preSolution
		Debug|x64 = Debug|x64
		Debug|x86 = Debug|x86
		Release|x64 = Release|x64
		Release|x86 = Release|x86
	EndGlobalSection
	GlobalSection(ProjectConfigurationPlatforms) = postSolution
		{C33A3226-151F-4E53-BCB2-0B1C655B86DD}.Debug|x64.ActiveCfg = Debug|x64
		{C33A3226-151F-4E53-BCB2-0B1C655B86DD}.Debug|x64.Build.0 = Debug|x64
		{C33A3226-151F-4E53-BCB2-0B1C655B86DD}.Debug|x86.ActiveCfg = Debug|Win32
		{C33A3226-151F-4E53-BCB2-0B1C655B86DD}.Debug|x86.Build.0 = Debug|Win32
		{C33A3226-151F-4E53-BCB2-0B1C655B86DD}.Release|x64.ActiveCfg = Release|x64
		{C33A3226-151F-4E53-BCB2-0B1C655B86DD}.Release|x64.Build.0 = Release|x64
		{C33A3226-151F-4E53-BCB2-0B1C655B86DD}.Release|x86.ActiveCfg = Release|Win32
		{C33A3226-151F-4E53-BCB2-0B1C655B86DD}.Release|x86.Build.0 = Release|Win32
	EndGlobalSection
	GlobalSection(SolutionProperties) = preSolution
		HideSolutionNode = FALSE
	EndGlobalSection
	GlobalSection(ExtensibilityGlobals) = postSolution
		SolutionGuid = {3ABD781D-9E38-4F1F-BBF5-CD3E5ED88D98}
	EndGlobalSection
EndGlobal
